
Microsoft Visual Studio Solution File, Format Version 12.00
# Visual Studio Version 17
VisualStudioVersion = 17.5.33530.505
MinimumVisualStudioVersion = 10.0.40219.1
Project("{FAE04EC0-301F-11D3-BF4B-00C04F79EFBC}") = "Yurt Otomasyonu", "Yurt Otomasyonu\Yurt Otomasyonu.csproj", "{15D38E50-F13A-4570-B9FD-F1711C90129A}"
EndProject
Global
	GlobalSection(SolutionConfigurationPlatforms) = preSolution
		Debug|Any CPU = Debug|Any CPU
		Release|Any CPU = Release|Any CPU
	EndGlobalSection
	GlobalSection(ProjectConfigurationPlatforms) = postSolution
		{15D38E50-F13A-4570-B9FD-F1711C90129A}.Debug|Any CPU.ActiveCfg = Debug|Any CPU
		{15D38E50-F13A-4570-B9FD-F1711C90129A}.Debug|Any CPU.Build.0 = Debug|Any CPU
		{15D38E50-F13A-4570-B9FD-F1711C90129A}.Release|Any CPU.ActiveCfg = Release|Any CPU
		{15D38E50-F13A-4570-B9FD-F1711C90129A}.Release|Any CPU.Build.0 = Release|Any CPU
	EndGlobalSection
	GlobalSection(SolutionProperties) = preSolution
		HideSolutionNode = FALSE
	EndGlobalSection
	GlobalSection(ExtensibilityGlobals) = postSolution
		SolutionGuid = {22D47028-DD76-4432-A9F9-8D7F17596F93}
	EndGlobalSection
EndGlobal
